
Microsoft Visual Studio Solution File, Format Version 12.00
# Visual Studio Version 17
VisualStudioVersion = 17.2.32630.192
MinimumVisualStudioVersion = 10.0.40219.1
Project("{9A19103F-16F7-4668-BE54-9A1E7A4F7556}") = "firstLib", "firstLib\firstLib.csproj", "{EBA841F4-E969-42D3-8D53-0045F49A80BD}"
EndProject
Project("{FAE04EC0-301F-11D3-BF4B-00C04F79EFBC}") = "firstLibTest", "firstLibTest\firstLibTest.csproj", "{8DEC05B1-66B3-4320-9D65-EA1C079AD924}"
EndProject
Project("{FAE04EC0-301F-11D3-BF4B-00C04F79EFBC}") = "nUnitTest", "nUnitTest\nUnitTest.csproj", "{4175D94D-A712-4BCE-86B6-9D3908CA8AC1}"
EndProject
Global
	GlobalSection(SolutionConfigurationPlatforms) = preSolution
		Debug|Any CPU = Debug|Any CPU
		Release|Any CPU = Release|Any CPU
	EndGlobalSection
	GlobalSection(ProjectConfigurationPlatforms) = postSolution
		{EBA841F4-E969-42D3-8D53-0045F49A80BD}.Debug|Any CPU.ActiveCfg = Debug|Any CPU
		{EBA841F4-E969-42D3-8D53-0045F49A80BD}.Debug|Any CPU.Build.0 = Debug|Any CPU
		{EBA841F4-E969-42D3-8D53-0045F49A80BD}.Release|Any CPU.ActiveCfg = Release|Any CPU
		{EBA841F4-E969-42D3-8D53-0045F49A80BD}.Release|Any CPU.Build.0 = Release|Any CPU
		{8DEC05B1-66B3-4320-9D65-EA1C079AD924}.Debug|Any CPU.ActiveCfg = Debug|Any CPU
		{8DEC05B1-66B3-4320-9D65-EA1C079AD924}.Debug|Any CPU.Build.0 = Debug|Any CPU
		{8DEC05B1-66B3-4320-9D65-EA1C079AD924}.Release|Any CPU.ActiveCfg = Release|Any CPU
		{8DEC05B1-66B3-4320-9D65-EA1C079AD924}.Release|Any CPU.Build.0 = Release|Any CPU
		{4175D94D-A712-4BCE-86B6-9D3908CA8AC1}.Debug|Any CPU.ActiveCfg = Debug|Any CPU
		{4175D94D-A712-4BCE-86B6-9D3908CA8AC1}.Debug|Any CPU.Build.0 = Debug|Any CPU
		{4175D94D-A712-4BCE-86B6-9D3908CA8AC1}.Release|Any CPU.ActiveCfg = Release|Any CPU
		{4175D94D-A712-4BCE-86B6-9D3908CA8AC1}.Release|Any CPU.Build.0 = Release|Any CPU
	EndGlobalSection
	GlobalSection(SolutionProperties) = preSolution
		HideSolutionNode = FALSE
	EndGlobalSection
	GlobalSection(ExtensibilityGlobals) = postSolution
		SolutionGuid = {12B9D1BA-E9A1-44C1-AE92-5B77EAFDA13D}
	EndGlobalSection
EndGlobal
